
Microsoft Visual Studio Solution File, Format Version 12.00
# Visual Studio 15
VisualStudioVersion = 15.0.27004.2010
MinimumVisualStudioVersion = 10.0.40219.1
Project("{9A19103F-16F7-4668-BE54-9A1E7A4F7556}") = "FastMemberCore", "src\FastMemberCore\FastMemberCore.csproj", "{DCCDBDDE-1633-4C28-A508-7153F4A6655A}"
EndProject
Project("{2150E333-8FDC-42A3-9474-1A3956D46DE8}") = "src", "src", "{C498C9BC-1B79-41FE-9627-D06CB6928BB7}"
EndProject
Project("{2150E333-8FDC-42A3-9474-1A3956D46DE8}") = "tests", "tests", "{91BB65A1-651C-44B7-909C-3049217FD315}"
EndProject
Project("{FAE04EC0-301F-11D3-BF4B-00C04F79EFBC}") = "FastMemberCore.Tests", "test\FastMemberCore.Tests\FastMemberCore.Tests.csproj", "{74CBB5DE-C87F-417C-9848-D453FBAF013B}"
EndProject
Global
	GlobalSection(SolutionConfigurationPlatforms) = preSolution
		Debug|Any CPU = Debug|Any CPU
		Release|Any CPU = Release|Any CPU
	EndGlobalSection
	GlobalSection(ProjectConfigurationPlatforms) = postSolution
		{DCCDBDDE-1633-4C28-A508-7153F4A6655A}.Debug|Any CPU.ActiveCfg = Debug|Any CPU
		{DCCDBDDE-1633-4C28-A508-7153F4A6655A}.Debug|Any CPU.Build.0 = Debug|Any CPU
		{DCCDBDDE-1633-4C28-A508-7153F4A6655A}.Release|Any CPU.ActiveCfg = Release|Any CPU
		{DCCDBDDE-1633-4C28-A508-7153F4A6655A}.Release|Any CPU.Build.0 = Release|Any CPU
		{74CBB5DE-C87F-417C-9848-D453FBAF013B}.Debug|Any CPU.ActiveCfg = Debug|Any CPU
		{74CBB5DE-C87F-417C-9848-D453FBAF013B}.Debug|Any CPU.Build.0 = Debug|Any CPU
		{74CBB5DE-C87F-417C-9848-D453FBAF013B}.Release|Any CPU.ActiveCfg = Release|Any CPU
		{74CBB5DE-C87F-417C-9848-D453FBAF013B}.Release|Any CPU.Build.0 = Release|Any CPU
	EndGlobalSection
	GlobalSection(SolutionProperties) = preSolution
		HideSolutionNode = FALSE
	EndGlobalSection
	GlobalSection(NestedProjects) = preSolution
		{DCCDBDDE-1633-4C28-A508-7153F4A6655A} = {C498C9BC-1B79-41FE-9627-D06CB6928BB7}
		{74CBB5DE-C87F-417C-9848-D453FBAF013B} = {91BB65A1-651C-44B7-909C-3049217FD315}
	EndGlobalSection
	GlobalSection(ExtensibilityGlobals) = postSolution
		SolutionGuid = {8CC772E1-78FE-4F64-86A9-F22A273C16EE}
	EndGlobalSection
EndGlobal
